// !$*UTF8*$!
{
	archiveVersion = 1;
	classes = {
	};
	objectVersion = 56;
	objects = {

/* Begin PBXBuildFile section */
		0A28789A2A24C58500F599F7 /* Assets.xcassets in Resources */ = {isa = PBXBuildFile; fileRef = 0A2878992A24C58500F599F7 /* Assets.xcassets */; };
		0A30B24E2A241E22006F1B9C /* GoonBowlingTrackerApp.swift in Sources */ = {isa = PBXBuildFile; fileRef = 0A30B24D2A241E22006F1B9C /* GoonBowlingTrackerApp.swift */; };
		0A30B2502A241E22006F1B9C /* Persistence.swift in Sources */ = {isa = PBXBuildFile; fileRef = 0A30B24F2A241E22006F1B9C /* Persistence.swift */; };
		0A30B2532A241E22006F1B9C /* GoonBowlingTracker.xcdatamodeld in Sources */ = {isa = PBXBuildFile; fileRef = 0A30B2512A241E22006F1B9C /* GoonBowlingTracker.xcdatamodeld */; };
		0A30B2552A241E22006F1B9C /* ContentView.swift in Sources */ = {isa = PBXBuildFile; fileRef = 0A30B2542A241E22006F1B9C /* ContentView.swift */; };
		0A30B2572A241E23006F1B9C /* Assets.xcassets in Resources */ = {isa = PBXBuildFile; fileRef = 0A30B2562A241E23006F1B9C /* Assets.xcassets */; };
		0A30B25B2A241E23006F1B9C /* Preview Assets.xcassets in Resources */ = {isa = PBXBuildFile; fileRef = 0A30B25A2A241E23006F1B9C /* Preview Assets.xcassets */; };
/* End PBXBuildFile section */

/* Begin PBXFileReference section */
		0A2878992A24C58500F599F7 /* Assets.xcassets */ = {isa = PBXFileReference; lastKnownFileType = folder.assetcatalog; path = Assets.xcassets; sourceTree = "<group>"; };
		0A30B24A2A241E22006F1B9C /* GoonBowlingTracker.app */ = {isa = PBXFileReference; explicitFileType = wrapper.application; includeInIndex = 0; path = GoonBowlingTracker.app; sourceTree = BUILT_PRODUCTS_DIR; };
		0A30B24D2A241E22006F1B9C /* GoonBowlingTrackerApp.swift */ = {isa = PBXFileReference; lastKnownFileType = sourcecode.swift; path = GoonBowlingTrackerApp.swift; sourceTree = "<group>"; };
		0A30B24F2A241E22006F1B9C /* Persistence.swift */ = {isa = PBXFileReference; lastKnownFileType = sourcecode.swift; path = Persistence.swift; sourceTree = "<group>"; };
		0A30B2522A241E22006F1B9C /* GoonBowlingTracker.xcdatamodel */ = {isa = PBXFileReference; lastKnownFileType = wrapper.xcdatamodel; path = GoonBowlingTracker.xcdatamodel; sourceTree = "<group>"; };
		0A30B2542A241E22006F1B9C /* ContentView.swift */ = {isa = PBXFileReference; lastKnownFileType = sourcecode.swift; path = ContentView.swift; sourceTree = "<group>"; };
		0A30B2562A241E23006F1B9C /* Assets.xcassets */ = {isa = PBXFileReference; lastKnownFileType = folder.assetcatalog; path = Assets.xcassets; sourceTree = "<group>"; };
		0A30B2582A241E23006F1B9C /* GoonBowlingTracker.entitlements */ = {isa = PBXFileReference; lastKnownFileType = text.plist.entitlements; path = GoonBowlingTracker.entitlements; sourceTree = "<group>"; };
		0A30B25A2A241E23006F1B9C /* Preview Assets.xcassets */ = {isa = PBXFileReference; lastKnownFileType = folder.assetcatalog; path = "Preview Assets.xcassets"; sourceTree = "<group>"; };
		0A41AF022A24E4B300FF23F4 /* Info.plist */ = {isa = PBXFileReference; lastKnownFileType = text.plist; path = Info.plist; sourceTree = "<group>"; };
/* End PBXFileReference section */

/* Begin PBXFrameworksBuildPhase section */
		0A30B2472A241E22006F1B9C /* Frameworks */ = {
			isa = PBXFrameworksBuildPhase;
			buildActionMask = 2147483647;
			files = (
			);
			runOnlyForDeploymentPostprocessing = 0;
		};
/* End PBXFrameworksBuildPhase section */

/* Begin PBXGroup section */
		0A30B2412A241E22006F1B9C = {
			isa = PBXGroup;
			children = (
				0A30B24C2A241E22006F1B9C /* GoonBowlingTracker */,
				0A30B24B2A241E22006F1B9C /* Products */,
			);
			sourceTree = "<group>";
		};
		0A30B24B2A241E22006F1B9C /* Products */ = {
			isa = PBXGroup;
			children = (
				0A30B24A2A241E22006F1B9C /* GoonBowlingTracker.app */,
			);
			name = Products;
			sourceTree = "<group>";
		};
		0A30B24C2A241E22006F1B9C /* GoonBowlingTracker */ = {
			isa = PBXGroup;
			children = (
				0A41AF022A24E4B300FF23F4 /* Info.plist */,
				0A30B24D2A241E22006F1B9C /* GoonBowlingTrackerApp.swift */,
				0A30B24F2A241E22006F1B9C /* Persistence.swift */,
				0A30B2542A241E22006F1B9C /* ContentView.swift */,
				0A30B2562A241E23006F1B9C /* Assets.xcassets */,
				0A30B2582A241E23006F1B9C /* GoonBowlingTracker.entitlements */,
				0A30B2512A241E22006F1B9C /* GoonBowlingTracker.xcdatamodeld */,
				0A30B2592A241E23006F1B9C /* Preview Content */,
			);
			path = GoonBowlingTracker;
			sourceTree = "<group>";
		};
		0A30B2592A241E23006F1B9C /* Preview Content */ = {
			isa = PBXGroup;
			children = (
				0A2878992A24C58500F599F7 /* Assets.xcassets */,
				0A30B25A2A241E23006F1B9C /* Preview Assets.xcassets */,
			);
			path = "Preview Content";
			sourceTree = "<group>";
		};
/* End PBXGroup section */

/* Begin PBXNativeTarget section */
		0A30B2492A241E22006F1B9C /* GoonBowlingTracker */ = {
			isa = PBXNativeTarget;
			buildConfigurationList = 0A30B25E2A241E23006F1B9C /* Build configuration list for PBXNativeTarget "GoonBowlingTracker" */;
			buildPhases = (
				0A30B2462A241E22006F1B9C /* Sources */,
				0A30B2472A241E22006F1B9C /* Frameworks */,
				0A30B2482A241E22006F1B9C /* Resources */,
			);
			buildRules = (
			);
			dependencies = (
			);
			name = GoonBowlingTracker;
			productName = GoonBowlingTracker;
			productReference = 0A30B24A2A241E22006F1B9C /* GoonBowlingTracker.app */;
			productType = "com.apple.product-type.application";
		};
/* End PBXNativeTarget section */

/* Begin PBXProject section */
		0A30B2422A241E22006F1B9C /* Project object */ = {
			isa = PBXProject;
			attributes = {
				BuildIndependentTargetsInParallel = 1;
				LastSwiftUpdateCheck = 1420;
				LastUpgradeCheck = 1420;
				TargetAttributes = {
					0A30B2492A241E22006F1B9C = {
						CreatedOnToolsVersion = 14.2;
					};
				};
			};
			buildConfigurationList = 0A30B2452A241E22006F1B9C /* Build configuration list for PBXProject "GoonBowlingTracker" */;
			compatibilityVersion = "Xcode 14.0";
			developmentRegion = en;
			hasScannedForEncodings = 0;
			knownRegions = (
				en,
				Base,
			);
			mainGroup = 0A30B2412A241E22006F1B9C;
			productRefGroup = 0A30B24B2A241E22006F1B9C /* Products */;
			projectDirPath = "";
			projectRoot = "";
			targets = (
				0A30B2492A241E22006F1B9C /* GoonBowlingTracker */,
			);
		};
/* End PBXProject section */

/* Begin PBXResourcesBuildPhase section */
		0A30B2482A241E22006F1B9C /* Resources */ = {
			isa = PBXResourcesBuildPhase;
			buildActionMask = 2147483647;
			files = (
				0A30B25B2A241E23006F1B9C /* Preview Assets.xcassets in Resources */,
				0A30B2572A241E23006F1B9C /* Assets.xcassets in Resources */,
				0A28789A2A24C58500F599F7 /* Assets.xcassets in Resources */,
			);
			runOnlyForDeploymentPostprocessing = 0;
		};
/* End PBXResourcesBuildPhase section */

/* Begin PBXSourcesBuildPhase section */
		0A30B2462A241E22006F1B9C /* Sources */ = {
			isa = PBXSourcesBuildPhase;
			buildActionMask = 2147483647;
			files = (
				0A30B2532A241E22006F1B9C /* GoonBowlingTracker.xcdatamodeld in Sources */,
				0A30B24E2A241E22006F1B9C /* GoonBowlingTrackerApp.swift in Sources */,
				0A30B2552A241E22006F1B9C /* ContentView.swift in Sources */,
				0A30B2502A241E22006F1B9C /* Persistence.swift in Sources */,
			);
			runOnlyForDeploymentPostprocessing = 0;
		};
/* End PBXSourcesBuildPhase section */

/* Begin XCBuildConfiguration section */
		0A30B25C2A241E23006F1B9C /* Debug */ = {
			isa = XCBuildConfiguration;
			buildSettings = {
				ALWAYS_SEARCH_USER_PATHS = NO;
				CLANG_ANALYZER_NONNULL = YES;
				CLANG_ANALYZER_NUMBER_OBJECT_CONVERSION = YES_AGGRESSIVE;
				CLANG_CXX_LANGUAGE_STANDARD = "gnu++20";
				CLANG_ENABLE_MODULES = YES;
				CLANG_ENABLE_OBJC_ARC = YES;
				CLANG_ENABLE_OBJC_WEAK = YES;
				CLANG_WARN_BLOCK_CAPTURE_AUTORELEASING = YES;
				CLANG_WARN_BOOL_CONVERSION = YES;
				CLANG_WARN_COMMA = YES;
				CLANG_WARN_CONSTANT_CONVERSION = YES;
				CLANG_WARN_DEPRECATED_OBJC_IMPLEMENTATIONS = YES;
				CLANG_WARN_DIRECT_OBJC_ISA_USAGE = YES_ERROR;
				CLANG_WARN_DOCUMENTATION_COMMENTS = YES;
				CLANG_WARN_EMPTY_BODY = YES;
				CLANG_WARN_ENUM_CONVERSION = YES;
				CLANG_WARN_INFINITE_RECURSION = YES;
				CLANG_WARN_INT_CONVERSION = YES;
				CLANG_WARN_NON_LITERAL_NULL_CONVERSION = YES;
				CLANG_WARN_OBJC_IMPLICIT_RETAIN_SELF = YES;
				CLANG_WARN_OBJC_LITERAL_CONVERSION = YES;
				CLANG_WARN_OBJC_ROOT_CLASS = YES_ERROR;
				CLANG_WARN_QUOTED_INCLUDE_IN_FRAMEWORK_HEADER = YES;
				CLANG_WARN_RANGE_LOOP_ANALYSIS = YES;
				CLANG_WARN_STRICT_PROTOTYPES = YES;
				CLANG_WARN_SUSPICIOUS_MOVE = YES;
				CLANG_WARN_UNGUARDED_AVAILABILITY = YES_AGGRESSIVE;
				CLANG_WARN_UNREACHABLE_CODE = YES;
				CLANG_WARN__DUPLICATE_METHOD_MATCH = YES;
				COPY_PHASE_STRIP = NO;
				DEBUG_INFORMATION_FORMAT = dwarf;
				ENABLE_STRICT_OBJC_MSGSEND = YES;
				ENABLE_TESTABILITY = YES;
				GCC_C_LANGUAGE_STANDARD = gnu11;
				GCC_DYNAMIC_NO_PIC = NO;
				GCC_NO_COMMON_BLOCKS = YES;
				GCC_OPTIMIZATION_LEVEL = 0;
				GCC_PREPROCESSOR_DEFINITIONS = (
					"DEBUG=1",
					"$(inherited)",
				);
				GCC_WARN_64_TO_32_BIT_CONVERSION = YES;
				GCC_WARN_ABOUT_RETURN_TYPE = YES_ERROR;
				GCC_WARN_UNDECLARED_SELECTOR = YES;
				GCC_WARN_UNINITIALIZED_AUTOS = YES_AGGRESSIVE;
				GCC_WARN_UNUSED_FUNCTION = YES;
				GCC_WARN_UNUSED_VARIABLE = YES;
				MTL_ENABLE_DEBUG_INFO = INCLUDE_SOURCE;
				MTL_FAST_MATH = YES;
				ONLY_ACTIVE_ARCH = YES;
				SWIFT_ACTIVE_COMPILATION_CONDITIONS = DEBUG;
				SWIFT_OPTIMIZATION_LEVEL = "-Onone";
			};
			name = Debug;
		};
		0A30B25D2A241E23006F1B9C /* Release */ = {
			isa = XCBuildConfiguration;
			buildSettings = {
				ALWAYS_SEARCH_USER_PATHS = NO;
				CLANG_ANALYZER_NONNULL = YES;
				CLANG_ANALYZER_NUMBER_OBJECT_CONVERSION = YES_AGGRESSIVE;
				CLANG_CXX_LANGUAGE_STANDARD = "gnu++20";
				CLANG_ENABLE_MODULES = YES;
				CLANG_ENABLE_OBJC_ARC = YES;
				CLANG_ENABLE_OBJC_WEAK = YES;
				CLANG_WARN_BLOCK_CAPTURE_AUTORELEASING = YES;
				CLANG_WARN_BOOL_CONVERSION = YES;
				CLANG_WARN_COMMA = YES;
				CLANG_WARN_CONSTANT_CONVERSION = YES;
				CLANG_WARN_DEPRECATED_OBJC_IMPLEMENTATIONS = YES;
				CLANG_WARN_DIRECT_OBJC_ISA_USAGE = YES_ERROR;
				CLANG_WARN_DOCUMENTATION_COMMENTS = YES;
				CLANG_WARN_EMPTY_BODY = YES;
				CLANG_WARN_ENUM_CONVERSION = YES;
				CLANG_WARN_INFINITE_RECURSION = YES;
				CLANG_WARN_INT_CONVERSION = YES;
				CLANG_WARN_NON_LITERAL_NULL_CONVERSION = YES;
				CLANG_WARN_OBJC_IMPLICIT_RETAIN_SELF = YES;
				CLANG_WARN_OBJC_LITERAL_CONVERSION = YES;
				CLANG_WARN_OBJC_ROOT_CLASS = YES_ERROR;
				CLANG_WARN_QUOTED_INCLUDE_IN_FRAMEWORK_HEADER = YES;
				CLANG_WARN_RANGE_LOOP_ANALYSIS = YES;
				CLANG_WARN_STRICT_PROTOTYPES = YES;
				CLANG_WARN_SUSPICIOUS_MOVE = YES;
				CLANG_WARN_UNGUARDED_AVAILABILITY = YES_AGGRESSIVE;
				CLANG_WARN_UNREACHABLE_CODE = YES;
				CLANG_WARN__DUPLICATE_METHOD_MATCH = YES;
				COPY_PHASE_STRIP = NO;
				DEBUG_INFORMATION_FORMAT = "dwarf-with-dsym";
				ENABLE_NS_ASSERTIONS = NO;
				ENABLE_STRICT_OBJC_MSGSEND = YES;
				GCC_C_LANGUAGE_STANDARD = gnu11;
				GCC_NO_COMMON_BLOCKS = YES;
				GCC_WARN_64_TO_32_BIT_CONVERSION = YES;
				GCC_WARN_ABOUT_RETURN_TYPE = YES_ERROR;
				GCC_WARN_UNDECLARED_SELECTOR = YES;
				GCC_WARN_UNINITIALIZED_AUTOS = YES_AGGRESSIVE;
				GCC_WARN_UNUSED_FUNCTION = YES;
				GCC_WARN_UNUSED_VARIABLE = YES;
				MTL_ENABLE_DEBUG_INFO = NO;
				MTL_FAST_MATH = YES;
				SWIFT_COMPILATION_MODE = wholemodule;
				SWIFT_OPTIMIZATION_LEVEL = "-O";
			};
			name = Release;
		};
		0A30B25F2A241E23006F1B9C /* Debug */ = {
			isa = XCBuildConfiguration;
			buildSettings = {
				ASSETCATALOG_COMPILER_APPICON_NAME = AppIcon;
				ASSETCATALOG_COMPILER_GLOBAL_ACCENT_COLOR_NAME = AccentColor;
				CODE_SIGN_ENTITLEMENTS = GoonBowlingTracker/GoonBowlingTracker.entitlements;
				CODE_SIGN_STYLE = Automatic;
				CURRENT_PROJECT_VERSION = 1;
				DEVELOPMENT_ASSET_PATHS = "\"GoonBowlingTracker/Preview Content\"";
				DEVELOPMENT_TEAM = H34NGW287W;
				ENABLE_HARDENED_RUNTIME = YES;
				"ENABLE_HARDENED_RUNTIME[sdk=macosx*]" = YES;
				ENABLE_PREVIEWS = YES;
				GENERATE_INFOPLIST_FILE = YES;
				INFOPLIST_FILE = GoonBowlingTracker/Info.plist;
				INFOPLIST_KEY_CFBundleDisplayName = "Bowling Tracker (Quick)";
				INFOPLIST_KEY_LSApplicationCategoryType = "public.app-category.sports";
				"INFOPLIST_KEY_UIApplicationSceneManifest_Generation[sdk=iphoneos*]" = YES;
				"INFOPLIST_KEY_UIApplicationSceneManifest_Generation[sdk=iphonesimulator*]" = YES;
				"INFOPLIST_KEY_UIApplicationSupportsIndirectInputEvents[sdk=iphoneos*]" = YES;
				"INFOPLIST_KEY_UIApplicationSupportsIndirectInputEvents[sdk=iphonesimulator*]" = YES;
				"INFOPLIST_KEY_UILaunchScreen_Generation[sdk=iphoneos*]" = YES;
				"INFOPLIST_KEY_UILaunchScreen_Generation[sdk=iphonesimulator*]" = YES;
				"INFOPLIST_KEY_UIStatusBarStyle[sdk=iphoneos*]" = UIStatusBarStyleDefault;
				"INFOPLIST_KEY_UIStatusBarStyle[sdk=iphonesimulator*]" = UIStatusBarStyleDefault;
				INFOPLIST_KEY_UISupportedInterfaceOrientations_iPad = "UIInterfaceOrientationPortrait UIInterfaceOrientationPortraitUpsideDown UIInterfaceOrientationLandscapeLeft UIInterfaceOrientationLandscapeRight";
				INFOPLIST_KEY_UISupportedInterfaceOrientations_iPhone = "UIInterfaceOrientationPortrait UIInterfaceOrientationLandscapeLeft UIInterfaceOrientationLandscapeRight";
				IPHONEOS_DEPLOYMENT_TARGET = 15.0;
				LD_RUNPATH_SEARCH_PATHS = "@executable_path/Frameworks";
				"LD_RUNPATH_SEARCH_PATHS[sdk=macosx*]" = "@executable_path/../Frameworks";
				MACOSX_DEPLOYMENT_TARGET = 12.0;
				MARKETING_VERSION = 1.0;
				PRODUCT_BUNDLE_IDENTIFIER = com.supergoon.GoonBowlingTracker;
				PRODUCT_NAME = "$(TARGET_NAME)";
				SDKROOT = auto;
				SUPPORTED_PLATFORMS = "iphoneos iphonesimulator macosx";
				SWIFT_EMIT_LOC_STRINGS = YES;
				SWIFT_VERSION = 5.0;
				TARGETED_DEVICE_FAMILY = "1,2";
			};
			name = Debug;
		};
		0A30B2602A241E23006F1B9C /* Release */ = {
			isa = XCBuildConfiguration;
			buildSettings = {
				ASSETCATALOG_COMPILER_APPICON_NAME = AppIcon;
				ASSETCATALOG_COMPILER_GLOBAL_ACCENT_COLOR_NAME = AccentColor;
				CODE_SIGN_ENTITLEMENTS = GoonBowlingTracker/GoonBowlingTracker.entitlements;
				CODE_SIGN_STYLE = Automatic;
				CURRENT_PROJECT_VERSION = 1;
				DEVELOPMENT_ASSET_PATHS = "\"GoonBowlingTracker/Preview Content\"";
				DEVELOPMENT_TEAM = H34NGW287W;
				ENABLE_HARDENED_RUNTIME = YES;
				"ENABLE_HARDENED_RUNTIME[sdk=macosx*]" = YES;
				ENABLE_PREVIEWS = YES;
				GENERATE_INFOPLIST_FILE = YES;
				INFOPLIST_FILE = GoonBowlingTracker/Info.plist;
				INFOPLIST_KEY_CFBundleDisplayName = "Bowling Tracker (Quick)";
				INFOPLIST_KEY_LSApplicationCategoryType = "public.app-category.sports";
				"INFOPLIST_KEY_UIApplicationSceneManifest_Generation[sdk=iphoneos*]" = YES;
				"INFOPLIST_KEY_UIApplicationSceneManifest_Generation[sdk=iphonesimulator*]" = YES;
				"INFOPLIST_KEY_UIApplicationSupportsIndirectInputEvents[sdk=iphoneos*]" = YES;
				"INFOPLIST_KEY_UIApplicationSupportsIndirectInputEvents[sdk=iphonesimulator*]" = YES;
				"INFOPLIST_KEY_UILaunchScreen_Generation[sdk=iphoneos*]" = YES;
				"INFOPLIST_KEY_UILaunchScreen_Generation[sdk=iphonesimulator*]" = YES;
				"INFOPLIST_KEY_UIStatusBarStyle[sdk=iphoneos*]" = UIStatusBarStyleDefault;
				"INFOPLIST_KEY_UIStatusBarStyle[sdk=iphonesimulator*]" = UIStatusBarStyleDefault;
				INFOPLIST_KEY_UISupportedInterfaceOrientations_iPad = "UIInterfaceOrientationPortrait UIInterfaceOrientationPortraitUpsideDown UIInterfaceOrientationLandscapeLeft UIInterfaceOrientationLandscapeRight";
				INFOPLIST_KEY_UISupportedInterfaceOrientations_iPhone = "UIInterfaceOrientationPortrait UIInterfaceOrientationLandscapeLeft UIInterfaceOrientationLandscapeRight";
				IPHONEOS_DEPLOYMENT_TARGET = 15.0;
				LD_RUNPATH_SEARCH_PATHS = "@executable_path/Frameworks";
				"LD_RUNPATH_SEARCH_PATHS[sdk=macosx*]" = "@executable_path/../Frameworks";
				MACOSX_DEPLOYMENT_TARGET = 12.0;
				MARKETING_VERSION = 1.0;
				PRODUCT_BUNDLE_IDENTIFIER = com.supergoon.GoonBowlingTracker;
				PRODUCT_NAME = "$(TARGET_NAME)";
				SDKROOT = auto;
				SUPPORTED_PLATFORMS = "iphoneos iphonesimulator macosx";
				SWIFT_EMIT_LOC_STRINGS = YES;
				SWIFT_VERSION = 5.0;
				TARGETED_DEVICE_FAMILY = "1,2";
			};
			name = Release;
		};
/* End XCBuildConfiguration section */

/* Begin XCConfigurationList section */
		0A30B2452A241E22006F1B9C /* Build configuration list for PBXProject "GoonBowlingTracker" */ = {
			isa = XCConfigurationList;
			buildConfigurations = (
				0A30B25C2A241E23006F1B9C /* Debug */,
				0A30B25D2A241E23006F1B9C /* Release */,
			);
			defaultConfigurationIsVisible = 0;
			defaultConfigurationName = Release;
		};
		0A30B25E2A241E23006F1B9C /* Build configuration list for PBXNativeTarget "GoonBowlingTracker" */ = {
			isa = XCConfigurationList;
			buildConfigurations = (
				0A30B25F2A241E23006F1B9C /* Debug */,
				0A30B2602A241E23006F1B9C /* Release */,
			);
			defaultConfigurationIsVisible = 0;
			defaultConfigurationName = Release;
		};
/* End XCConfigurationList section */

/* Begin XCVersionGroup section */
		0A30B2512A241E22006F1B9C /* GoonBowlingTracker.xcdatamodeld */ = {
			isa = XCVersionGroup;
			children = (
				0A30B2522A241E22006F1B9C /* GoonBowlingTracker.xcdatamodel */,
			);
			currentVersion = 0A30B2522A241E22006F1B9C /* GoonBowlingTracker.xcdatamodel */;
			path = GoonBowlingTracker.xcdatamodeld;
			sourceTree = "<group>";
			versionGroupType = wrapper.xcdatamodel;
		};
/* End XCVersionGroup section */
	};
	rootObject = 0A30B2422A241E22006F1B9C /* Project object */;
}
